
Microsoft Visual Studio Solution File, Format Version 12.00
# Visual Studio Version 17
VisualStudioVersion = 17.14.36518.9 d17.14
MinimumVisualStudioVersion = 10.0.40219.1
Project("{FAE04EC0-301F-11D3-BF4B-00C04F79EFBC}") = "AppPhimLo", "AppPhimLo\AppPhimLo.csproj", "{346B471C-87F3-4D3A-A8E2-446FD6235C2A}"
EndProject
Global
	GlobalSection(SolutionConfigurationPlatforms) = preSolution
		Debug|Any CPU = Debug|Any CPU
		Release|Any CPU = Release|Any CPU
	EndGlobalSection
	GlobalSection(ProjectConfigurationPlatforms) = postSolution
		{346B471C-87F3-4D3A-A8E2-446FD6235C2A}.Debug|Any CPU.ActiveCfg = Debug|Any CPU
		{346B471C-87F3-4D3A-A8E2-446FD6235C2A}.Debug|Any CPU.Build.0 = Debug|Any CPU
		{346B471C-87F3-4D3A-A8E2-446FD6235C2A}.Debug|Any CPU.Deploy.0 = Debug|Any CPU
		{346B471C-87F3-4D3A-A8E2-446FD6235C2A}.Release|Any CPU.ActiveCfg = Release|Any CPU
		{346B471C-87F3-4D3A-A8E2-446FD6235C2A}.Release|Any CPU.Build.0 = Release|Any CPU
		{346B471C-87F3-4D3A-A8E2-446FD6235C2A}.Release|Any CPU.Deploy.0 = Release|Any CPU
	EndGlobalSection
	GlobalSection(SolutionProperties) = preSolution
		HideSolutionNode = FALSE
	EndGlobalSection
	GlobalSection(ExtensibilityGlobals) = postSolution
		SolutionGuid = {E37CD289-A596-46D7-B08C-9147E263B595}
	EndGlobalSection
EndGlobal
